// !$*UTF8*$!
{
	archiveVersion = 1;
	classes = {
	};
	objectVersion = 48;
	objects = {

/* Begin PBXBuildFile section */
		CE24E5FD1FA6BC97008A5F4D /* AppDelegate.swift in Sources */ = {isa = PBXBuildFile; fileRef = CE24E5FC1FA6BC97008A5F4D /* AppDelegate.swift */; };
		CE24E5FF1FA6BC97008A5F4D /* ViewController.swift in Sources */ = {isa = PBXBuildFile; fileRef = CE24E5FE1FA6BC97008A5F4D /* ViewController.swift */; };
		CE24E6021FA6BC97008A5F4D /* Main.storyboard in Resources */ = {isa = PBXBuildFile; fileRef = CE24E6001FA6BC97008A5F4D /* Main.storyboard */; };
		CE24E6051FA6BC98008A5F4D /* sampleTableView001.xcdatamodeld in Sources */ = {isa = PBXBuildFile; fileRef = CE24E6031FA6BC98008A5F4D /* sampleTableView001.xcdatamodeld */; };
		CE24E6071FA6BC98008A5F4D /* Assets.xcassets in Resources */ = {isa = PBXBuildFile; fileRef = CE24E6061FA6BC98008A5F4D /* Assets.xcassets */; };
		CE24E60A1FA6BC98008A5F4D /* LaunchScreen.storyboard in Resources */ = {isa = PBXBuildFile; fileRef = CE24E6081FA6BC98008A5F4D /* LaunchScreen.storyboard */; };
		CE24E6151FA6BC98008A5F4D /* sampleTableView001Tests.swift in Sources */ = {isa = PBXBuildFile; fileRef = CE24E6141FA6BC98008A5F4D /* sampleTableView001Tests.swift */; };
		CE24E6201FA6BC98008A5F4D /* sampleTableView001UITests.swift in Sources */ = {isa = PBXBuildFile; fileRef = CE24E61F1FA6BC98008A5F4D /* sampleTableView001UITests.swift */; };
		CE8330D31FAC0E2900A4F052 /* DetailViewController.swift in Sources */ = {isa = PBXBuildFile; fileRef = CE8330D21FAC0E2900A4F052 /* DetailViewController.swift */; };
		CE8330D81FAC4EF600A4F052 /* tea1.jpeg in Resources */ = {isa = PBXBuildFile; fileRef = CE8330D41FAC4EF500A4F052 /* tea1.jpeg */; };
		CE8330D91FAC4EF600A4F052 /* tea3.jpeg in Resources */ = {isa = PBXBuildFile; fileRef = CE8330D51FAC4EF500A4F052 /* tea3.jpeg */; };
		CE8330DA1FAC4EF600A4F052 /* tea0.jpeg in Resources */ = {isa = PBXBuildFile; fileRef = CE8330D61FAC4EF500A4F052 /* tea0.jpeg */; };
		CE8330DB1FAC4EF600A4F052 /* tea2.jpeg in Resources */ = {isa = PBXBuildFile; fileRef = CE8330D71FAC4EF500A4F052 /* tea2.jpeg */; };
/* End PBXBuildFile section */

/* Begin PBXContainerItemProxy section */
		CE24E6111FA6BC98008A5F4D /* PBXContainerItemProxy */ = {
			isa = PBXContainerItemProxy;
			containerPortal = CE24E5F11FA6BC97008A5F4D /* Project object */;
			proxyType = 1;
			remoteGlobalIDString = CE24E5F81FA6BC97008A5F4D;
			remoteInfo = sampleTableView001;
		};
		CE24E61C1FA6BC98008A5F4D /* PBXContainerItemProxy */ = {
			isa = PBXContainerItemProxy;
			containerPortal = CE24E5F11FA6BC97008A5F4D /* Project object */;
			proxyType = 1;
			remoteGlobalIDString = CE24E5F81FA6BC97008A5F4D;
			remoteInfo = sampleTableView001;
		};
/* End PBXContainerItemProxy section */

/* Begin PBXFileReference section */
		CE24E5F91FA6BC97008A5F4D /* sampleTableView001.app */ = {isa = PBXFileReference; explicitFileType = wrapper.application; includeInIndex = 0; path = sampleTableView001.app; sourceTree = BUILT_PRODUCTS_DIR; };
		CE24E5FC1FA6BC97008A5F4D /* AppDelegate.swift */ = {isa = PBXFileReference; lastKnownFileType = sourcecode.swift; path = AppDelegate.swift; sourceTree = "<group>"; };
		CE24E5FE1FA6BC97008A5F4D /* ViewController.swift */ = {isa = PBXFileReference; lastKnownFileType = sourcecode.swift; path = ViewController.swift; sourceTree = "<group>"; };
		CE24E6011FA6BC97008A5F4D /* Base */ = {isa = PBXFileReference; lastKnownFileType = file.storyboard; name = Base; path = Base.lproj/Main.storyboard; sourceTree = "<group>"; };
		CE24E6041FA6BC98008A5F4D /* sampleTableView001.xcdatamodel */ = {isa = PBXFileReference; lastKnownFileType = wrapper.xcdatamodel; path = sampleTableView001.xcdatamodel; sourceTree = "<group>"; };
		CE24E6061FA6BC98008A5F4D /* Assets.xcassets */ = {isa = PBXFileReference; lastKnownFileType = folder.assetcatalog; path = Assets.xcassets; sourceTree = "<group>"; };
		CE24E6091FA6BC98008A5F4D /* Base */ = {isa = PBXFileReference; lastKnownFileType = file.storyboard; name = Base; path = Base.lproj/LaunchScreen.storyboard; sourceTree = "<group>"; };
		CE24E60B1FA6BC98008A5F4D /* Info.plist */ = {isa = PBXFileReference; lastKnownFileType = text.plist.xml; path = Info.plist; sourceTree = "<group>"; };
		CE24E6101FA6BC98008A5F4D /* sampleTableView001Tests.xctest */ = {isa = PBXFileReference; explicitFileType = wrapper.cfbundle; includeInIndex = 0; path = sampleTableView001Tests.xctest; sourceTree = BUILT_PRODUCTS_DIR; };
		CE24E6141FA6BC98008A5F4D /* sampleTableView001Tests.swift */ = {isa = PBXFileReference; lastKnownFileType = sourcecode.swift; path = sampleTableView001Tests.swift; sourceTree = "<group>"; };
		CE24E6161FA6BC98008A5F4D /* Info.plist */ = {isa = PBXFileReference; lastKnownFileType = text.plist.xml; path = Info.plist; sourceTree = "<group>"; };
		CE24E61B1FA6BC98008A5F4D /* sampleTableView001UITests.xctest */ = {isa = PBXFileReference; explicitFileType = wrapper.cfbundle; includeInIndex = 0; path = sampleTableView001UITests.xctest; sourceTree = BUILT_PRODUCTS_DIR; };
		CE24E61F1FA6BC98008A5F4D /* sampleTableView001UITests.swift */ = {isa = PBXFileReference; lastKnownFileType = sourcecode.swift; path = sampleTableView001UITests.swift; sourceTree = "<group>"; };
		CE24E6211FA6BC98008A5F4D /* Info.plist */ = {isa = PBXFileReference; lastKnownFileType = text.plist.xml; path = Info.plist; sourceTree = "<group>"; };
		CE8330D21FAC0E2900A4F052 /* DetailViewController.swift */ = {isa = PBXFileReference; lastKnownFileType = sourcecode.swift; path = DetailViewController.swift; sourceTree = "<group>"; };
		CE8330D41FAC4EF500A4F052 /* tea1.jpeg */ = {isa = PBXFileReference; lastKnownFileType = image.jpeg; path = tea1.jpeg; sourceTree = "<group>"; };
		CE8330D51FAC4EF500A4F052 /* tea3.jpeg */ = {isa = PBXFileReference; lastKnownFileType = image.jpeg; path = tea3.jpeg; sourceTree = "<group>"; };
		CE8330D61FAC4EF500A4F052 /* tea0.jpeg */ = {isa = PBXFileReference; lastKnownFileType = image.jpeg; path = tea0.jpeg; sourceTree = "<group>"; };
		CE8330D71FAC4EF500A4F052 /* tea2.jpeg */ = {isa = PBXFileReference; lastKnownFileType = image.jpeg; path = tea2.jpeg; sourceTree = "<group>"; };
/* End PBXFileReference section */

/* Begin PBXFrameworksBuildPhase section */
		CE24E5F61FA6BC97008A5F4D /* Frameworks */ = {
			isa = PBXFrameworksBuildPhase;
			buildActionMask = 2147483647;
			files = (
			);
			runOnlyForDeploymentPostprocessing = 0;
		};
		CE24E60D1FA6BC98008A5F4D /* Frameworks */ = {
			isa = PBXFrameworksBuildPhase;
			buildActionMask = 2147483647;
			files = (
			);
			runOnlyForDeploymentPostprocessing = 0;
		};
		CE24E6181FA6BC98008A5F4D /* Frameworks */ = {
			isa = PBXFrameworksBuildPhase;
			buildActionMask = 2147483647;
			files = (
			);
			runOnlyForDeploymentPostprocessing = 0;
		};
/* End PBXFrameworksBuildPhase section */

/* Begin PBXGroup section */
		CE24E5F01FA6BC97008A5F4D = {
			isa = PBXGroup;
			children = (
				CE24E5FB1FA6BC97008A5F4D /* sampleTableView001 */,
				CE24E6131FA6BC98008A5F4D /* sampleTableView001Tests */,
				CE24E61E1FA6BC98008A5F4D /* sampleTableView001UITests */,
				CE24E5FA1FA6BC97008A5F4D /* Products */,
			);
			sourceTree = "<group>";
		};
		CE24E5FA1FA6BC97008A5F4D /* Products */ = {
			isa = PBXGroup;
			children = (
				CE24E5F91FA6BC97008A5F4D /* sampleTableView001.app */,
				CE24E6101FA6BC98008A5F4D /* sampleTableView001Tests.xctest */,
				CE24E61B1FA6BC98008A5F4D /* sampleTableView001UITests.xctest */,
			);
			name = Products;
			sourceTree = "<group>";
		};
		CE24E5FB1FA6BC97008A5F4D /* sampleTableView001 */ = {
			isa = PBXGroup;
			children = (
				CE8330D61FAC4EF500A4F052 /* tea0.jpeg */,
				CE8330D41FAC4EF500A4F052 /* tea1.jpeg */,
				CE8330D71FAC4EF500A4F052 /* tea2.jpeg */,
				CE8330D51FAC4EF500A4F052 /* tea3.jpeg */,
				CE24E5FC1FA6BC97008A5F4D /* AppDelegate.swift */,
				CE24E5FE1FA6BC97008A5F4D /* ViewController.swift */,
				CE8330D21FAC0E2900A4F052 /* DetailViewController.swift */,
				CE24E6001FA6BC97008A5F4D /* Main.storyboard */,
				CE24E6061FA6BC98008A5F4D /* Assets.xcassets */,
				CE24E6081FA6BC98008A5F4D /* LaunchScreen.storyboard */,
				CE24E60B1FA6BC98008A5F4D /* Info.plist */,
				CE24E6031FA6BC98008A5F4D /* sampleTableView001.xcdatamodeld */,
			);
			path = sampleTableView001;
			sourceTree = "<group>";
		};
		CE24E6131FA6BC98008A5F4D /* sampleTableView001Tests */ = {
			isa = PBXGroup;
			children = (
				CE24E6141FA6BC98008A5F4D /* sampleTableView001Tests.swift */,
				CE24E6161FA6BC98008A5F4D /* Info.plist */,
			);
			path = sampleTableView001Tests;
			sourceTree = "<group>";
		};
		CE24E61E1FA6BC98008A5F4D /* sampleTableView001UITests */ = {
			isa = PBXGroup;
			children = (
				CE24E61F1FA6BC98008A5F4D /* sampleTableView001UITests.swift */,
				CE24E6211FA6BC98008A5F4D /* Info.plist */,
			);
			path = sampleTableView001UITests;
			sourceTree = "<group>";
		};
/* End PBXGroup section */

/* Begin PBXNativeTarget section */
		CE24E5F81FA6BC97008A5F4D /* sampleTableView001 */ = {
			isa = PBXNativeTarget;
			buildConfigurationList = CE24E6241FA6BC98008A5F4D /* Build configuration list for PBXNativeTarget "sampleTableView001" */;
			buildPhases = (
				CE24E5F51FA6BC97008A5F4D /* Sources */,
				CE24E5F61FA6BC97008A5F4D /* Frameworks */,
				CE24E5F71FA6BC97008A5F4D /* Resources */,
			);
			buildRules = (
			);
			dependencies = (
			);
			name = sampleTableView001;
			productName = sampleTableView001;
			productReference = CE24E5F91FA6BC97008A5F4D /* sampleTableView001.app */;
			productType = "com.apple.product-type.application";
		};
		CE24E60F1FA6BC98008A5F4D /* sampleTableView001Tests */ = {
			isa = PBXNativeTarget;
			buildConfigurationList = CE24E6271FA6BC98008A5F4D /* Build configuration list for PBXNativeTarget "sampleTableView001Tests" */;
			buildPhases = (
				CE24E60C1FA6BC98008A5F4D /* Sources */,
				CE24E60D1FA6BC98008A5F4D /* Frameworks */,
				CE24E60E1FA6BC98008A5F4D /* Resources */,
			);
			buildRules = (
			);
			dependencies = (
				CE24E6121FA6BC98008A5F4D /* PBXTargetDependency */,
			);
			name = sampleTableView001Tests;
			productName = sampleTableView001Tests;
			productReference = CE24E6101FA6BC98008A5F4D /* sampleTableView001Tests.xctest */;
			productType = "com.apple.product-type.bundle.unit-test";
		};
		CE24E61A1FA6BC98008A5F4D /* sampleTableView001UITests */ = {
			isa = PBXNativeTarget;
			buildConfigurationList = CE24E62A1FA6BC98008A5F4D /* Build configuration list for PBXNativeTarget "sampleTableView001UITests" */;
			buildPhases = (
				CE24E6171FA6BC98008A5F4D /* Sources */,
				CE24E6181FA6BC98008A5F4D /* Frameworks */,
				CE24E6191FA6BC98008A5F4D /* Resources */,
			);
			buildRules = (
			);
			dependencies = (
				CE24E61D1FA6BC98008A5F4D /* PBXTargetDependency */,
			);
			name = sampleTableView001UITests;
			productName = sampleTableView001UITests;
			productReference = CE24E61B1FA6BC98008A5F4D /* sampleTableView001UITests.xctest */;
			productType = "com.apple.product-type.bundle.ui-testing";
		};
/* End PBXNativeTarget section */

/* Begin PBXProject section */
		CE24E5F11FA6BC97008A5F4D /* Project object */ = {
			isa = PBXProject;
			attributes = {
				LastSwiftUpdateCheck = 0900;
				LastUpgradeCheck = 0900;
				ORGANIZATIONNAME = "ryousuke Takahashi";
				TargetAttributes = {
					CE24E5F81FA6BC97008A5F4D = {
						CreatedOnToolsVersion = 9.0.1;
						ProvisioningStyle = Automatic;
					};
					CE24E60F1FA6BC98008A5F4D = {
						CreatedOnToolsVersion = 9.0.1;
						ProvisioningStyle = Automatic;
						TestTargetID = CE24E5F81FA6BC97008A5F4D;
					};
					CE24E61A1FA6BC98008A5F4D = {
						CreatedOnToolsVersion = 9.0.1;
						ProvisioningStyle = Automatic;
						TestTargetID = CE24E5F81FA6BC97008A5F4D;
					};
				};
			};
			buildConfigurationList = CE24E5F41FA6BC97008A5F4D /* Build configuration list for PBXProject "sampleTableView001" */;
			compatibilityVersion = "Xcode 8.0";
			developmentRegion = en;
			hasScannedForEncodings = 0;
			knownRegions = (
				en,
				Base,
			);
			mainGroup = CE24E5F01FA6BC97008A5F4D;
			productRefGroup = CE24E5FA1FA6BC97008A5F4D /* Products */;
			projectDirPath = "";
			projectRoot = "";
			targets = (
				CE24E5F81FA6BC97008A5F4D /* sampleTableView001 */,
				CE24E60F1FA6BC98008A5F4D /* sampleTableView001Tests */,
				CE24E61A1FA6BC98008A5F4D /* sampleTableView001UITests */,
			);
		};
/* End PBXProject section */

/* Begin PBXResourcesBuildPhase section */
		CE24E5F71FA6BC97008A5F4D /* Resources */ = {
			isa = PBXResourcesBuildPhase;
			buildActionMask = 2147483647;
			files = (
				CE8330D91FAC4EF600A4F052 /* tea3.jpeg in Resources */,
				CE8330D81FAC4EF600A4F052 /* tea1.jpeg in Resources */,
				CE24E60A1FA6BC98008A5F4D /* LaunchScreen.storyboard in Resources */,
				CE24E6071FA6BC98008A5F4D /* Assets.xcassets in Resources */,
				CE24E6021FA6BC97008A5F4D /* Main.storyboard in Resources */,
				CE8330DB1FAC4EF600A4F052 /* tea2.jpeg in Resources */,
				CE8330DA1FAC4EF600A4F052 /* tea0.jpeg in Resources */,
			);
			runOnlyForDeploymentPostprocessing = 0;
		};
		CE24E60E1FA6BC98008A5F4D /* Resources */ = {
			isa = PBXResourcesBuildPhase;
			buildActionMask = 2147483647;
			files = (
			);
			runOnlyForDeploymentPostprocessing = 0;
		};
		CE24E6191FA6BC98008A5F4D /* Resources */ = {
			isa = PBXResourcesBuildPhase;
			buildActionMask = 2147483647;
			files = (
			);
			runOnlyForDeploymentPostprocessing = 0;
		};
/* End PBXResourcesBuildPhase section */

/* Begin PBXSourcesBuildPhase section */
		CE24E5F51FA6BC97008A5F4D /* Sources */ = {
			isa = PBXSourcesBuildPhase;
			buildActionMask = 2147483647;
			files = (
				CE24E6051FA6BC98008A5F4D /* sampleTableView001.xcdatamodeld in Sources */,
				CE24E5FF1FA6BC97008A5F4D /* ViewController.swift in Sources */,
				CE24E5FD1FA6BC97008A5F4D /* AppDelegate.swift in Sources */,
				CE8330D31FAC0E2900A4F052 /* DetailViewController.swift in Sources */,
			);
			runOnlyForDeploymentPostprocessing = 0;
		};
		CE24E60C1FA6BC98008A5F4D /* Sources */ = {
			isa = PBXSourcesBuildPhase;
			buildActionMask = 2147483647;
			files = (
				CE24E6151FA6BC98008A5F4D /* sampleTableView001Tests.swift in Sources */,
			);
			runOnlyForDeploymentPostprocessing = 0;
		};
		CE24E6171FA6BC98008A5F4D /* Sources */ = {
			isa = PBXSourcesBuildPhase;
			buildActionMask = 2147483647;
			files = (
				CE24E6201FA6BC98008A5F4D /* sampleTableView001UITests.swift in Sources */,
			);
			runOnlyForDeploymentPostprocessing = 0;
		};
/* End PBXSourcesBuildPhase section */

/* Begin PBXTargetDependency section */
		CE24E6121FA6BC98008A5F4D /* PBXTargetDependency */ = {
			isa = PBXTargetDependency;
			target = CE24E5F81FA6BC97008A5F4D /* sampleTableView001 */;
			targetProxy = CE24E6111FA6BC98008A5F4D /* PBXContainerItemProxy */;
		};
		CE24E61D1FA6BC98008A5F4D /* PBXTargetDependency */ = {
			isa = PBXTargetDependency;
			target = CE24E5F81FA6BC97008A5F4D /* sampleTableView001 */;
			targetProxy = CE24E61C1FA6BC98008A5F4D /* PBXContainerItemProxy */;
		};
/* End PBXTargetDependency section */

/* Begin PBXVariantGroup section */
		CE24E6001FA6BC97008A5F4D /* Main.storyboard */ = {
			isa = PBXVariantGroup;
			children = (
				CE24E6011FA6BC97008A5F4D /* Base */,
			);
			name = Main.storyboard;
			sourceTree = "<group>";
		};
		CE24E6081FA6BC98008A5F4D /* LaunchScreen.storyboard */ = {
			isa = PBXVariantGroup;
			children = (
				CE24E6091FA6BC98008A5F4D /* Base */,
			);
			name = LaunchScreen.storyboard;
			sourceTree = "<group>";
		};
/* End PBXVariantGroup section */

/* Begin XCBuildConfiguration section */
		CE24E6221FA6BC98008A5F4D /* Debug */ = {
			isa = XCBuildConfiguration;
			buildSettings = {
				ALWAYS_SEARCH_USER_PATHS = NO;
				CLANG_ANALYZER_NONNULL = YES;
				CLANG_ANALYZER_NUMBER_OBJECT_CONVERSION = YES_AGGRESSIVE;
				CLANG_CXX_LANGUAGE_STANDARD = "gnu++14";
				CLANG_CXX_LIBRARY = "libc++";
				CLANG_ENABLE_MODULES = YES;
				CLANG_ENABLE_OBJC_ARC = YES;
				CLANG_WARN_BLOCK_CAPTURE_AUTORELEASING = YES;
				CLANG_WARN_BOOL_CONVERSION = YES;
				CLANG_WARN_COMMA = YES;
				CLANG_WARN_CONSTANT_CONVERSION = YES;
				CLANG_WARN_DIRECT_OBJC_ISA_USAGE = YES_ERROR;
				CLANG_WARN_DOCUMENTATION_COMMENTS = YES;
				CLANG_WARN_EMPTY_BODY = YES;
				CLANG_WARN_ENUM_CONVERSION = YES;
				CLANG_WARN_INFINITE_RECURSION = YES;
				CLANG_WARN_INT_CONVERSION = YES;
				CLANG_WARN_NON_LITERAL_NULL_CONVERSION = YES;
				CLANG_WARN_OBJC_LITERAL_CONVERSION = YES;
				CLANG_WARN_OBJC_ROOT_CLASS = YES_ERROR;
				CLANG_WARN_RANGE_LOOP_ANALYSIS = YES;
				CLANG_WARN_STRICT_PROTOTYPES = YES;
				CLANG_WARN_SUSPICIOUS_MOVE = YES;
				CLANG_WARN_UNGUARDED_AVAILABILITY = YES_AGGRESSIVE;
				CLANG_WARN_UNREACHABLE_CODE = YES;
				CLANG_WARN__DUPLICATE_METHOD_MATCH = YES;
				CODE_SIGN_IDENTITY = "iPhone Developer";
				COPY_PHASE_STRIP = NO;
				DEBUG_INFORMATION_FORMAT = dwarf;
				ENABLE_STRICT_OBJC_MSGSEND = YES;
				ENABLE_TESTABILITY = YES;
				GCC_C_LANGUAGE_STANDARD = gnu11;
				GCC_DYNAMIC_NO_PIC = NO;
				GCC_NO_COMMON_BLOCKS = YES;
				GCC_OPTIMIZATION_LEVEL = 0;
				GCC_PREPROCESSOR_DEFINITIONS = (
					"DEBUG=1",
					"$(inherited)",
				);
				GCC_WARN_64_TO_32_BIT_CONVERSION = YES;
				GCC_WARN_ABOUT_RETURN_TYPE = YES_ERROR;
				GCC_WARN_UNDECLARED_SELECTOR = YES;
				GCC_WARN_UNINITIALIZED_AUTOS = YES_AGGRESSIVE;
				GCC_WARN_UNUSED_FUNCTION = YES;
				GCC_WARN_UNUSED_VARIABLE = YES;
				IPHONEOS_DEPLOYMENT_TARGET = 11.0;
				MTL_ENABLE_DEBUG_INFO = YES;
				ONLY_ACTIVE_ARCH = YES;
				SDKROOT = iphoneos;
				SWIFT_ACTIVE_COMPILATION_CONDITIONS = DEBUG;
				SWIFT_OPTIMIZATION_LEVEL = "-Onone";
			};
			name = Debug;
		};
		CE24E6231FA6BC98008A5F4D /* Release */ = {
			isa = XCBuildConfiguration;
			buildSettings = {
				ALWAYS_SEARCH_USER_PATHS = NO;
				CLANG_ANALYZER_NONNULL = YES;
				CLANG_ANALYZER_NUMBER_OBJECT_CONVERSION = YES_AGGRESSIVE;
				CLANG_CXX_LANGUAGE_STANDARD = "gnu++14";
				CLANG_CXX_LIBRARY = "libc++";
				CLANG_ENABLE_MODULES = YES;
				CLANG_ENABLE_OBJC_ARC = YES;
				CLANG_WARN_BLOCK_CAPTURE_AUTORELEASING = YES;
				CLANG_WARN_BOOL_CONVERSION = YES;
				CLANG_WARN_COMMA = YES;
				CLANG_WARN_CONSTANT_CONVERSION = YES;
				CLANG_WARN_DIRECT_OBJC_ISA_USAGE = YES_ERROR;
				CLANG_WARN_DOCUMENTATION_COMMENTS = YES;
				CLANG_WARN_EMPTY_BODY = YES;
				CLANG_WARN_ENUM_CONVERSION = YES;
				CLANG_WARN_INFINITE_RECURSION = YES;
				CLANG_WARN_INT_CONVERSION = YES;
				CLANG_WARN_NON_LITERAL_NULL_CONVERSION = YES;
				CLANG_WARN_OBJC_LITERAL_CONVERSION = YES;
				CLANG_WARN_OBJC_ROOT_CLASS = YES_ERROR;
				CLANG_WARN_RANGE_LOOP_ANALYSIS = YES;
				CLANG_WARN_STRICT_PROTOTYPES = YES;
				CLANG_WARN_SUSPICIOUS_MOVE = YES;
				CLANG_WARN_UNGUARDED_AVAILABILITY = YES_AGGRESSIVE;
				CLANG_WARN_UNREACHABLE_CODE = YES;
				CLANG_WARN__DUPLICATE_METHOD_MATCH = YES;
				CODE_SIGN_IDENTITY = "iPhone Developer";
				COPY_PHASE_STRIP = NO;
				DEBUG_INFORMATION_FORMAT = "dwarf-with-dsym";
				ENABLE_NS_ASSERTIONS = NO;
				ENABLE_STRICT_OBJC_MSGSEND = YES;
				GCC_C_LANGUAGE_STANDARD = gnu11;
				GCC_NO_COMMON_BLOCKS = YES;
				GCC_WARN_64_TO_32_BIT_CONVERSION = YES;
				GCC_WARN_ABOUT_RETURN_TYPE = YES_ERROR;
				GCC_WARN_UNDECLARED_SELECTOR = YES;
				GCC_WARN_UNINITIALIZED_AUTOS = YES_AGGRESSIVE;
				GCC_WARN_UNUSED_FUNCTION = YES;
				GCC_WARN_UNUSED_VARIABLE = YES;
				IPHONEOS_DEPLOYMENT_TARGET = 11.0;
				MTL_ENABLE_DEBUG_INFO = NO;
				SDKROOT = iphoneos;
				SWIFT_OPTIMIZATION_LEVEL = "-Owholemodule";
				VALIDATE_PRODUCT = YES;
			};
			name = Release;
		};
		CE24E6251FA6BC98008A5F4D /* Debug */ = {
			isa = XCBuildConfiguration;
			buildSettings = {
				ASSETCATALOG_COMPILER_APPICON_NAME = AppIcon;
				CODE_SIGN_STYLE = Automatic;
				INFOPLIST_FILE = sampleTableView001/Info.plist;
				LD_RUNPATH_SEARCH_PATHS = "$(inherited) @executable_path/Frameworks";
				PRODUCT_BUNDLE_IDENTIFIER = com.ryosuketakahashi.sampleTableView001;
				PRODUCT_NAME = "$(TARGET_NAME)";
				SWIFT_VERSION = 4.0;
				TARGETED_DEVICE_FAMILY = "1,2";
			};
			name = Debug;
		};
		CE24E6261FA6BC98008A5F4D /* Release */ = {
			isa = XCBuildConfiguration;
			buildSettings = {
				ASSETCATALOG_COMPILER_APPICON_NAME = AppIcon;
				CODE_SIGN_STYLE = Automatic;
				INFOPLIST_FILE = sampleTableView001/Info.plist;
				LD_RUNPATH_SEARCH_PATHS = "$(inherited) @executable_path/Frameworks";
				PRODUCT_BUNDLE_IDENTIFIER = com.ryosuketakahashi.sampleTableView001;
				PRODUCT_NAME = "$(TARGET_NAME)";
				SWIFT_VERSION = 4.0;
				TARGETED_DEVICE_FAMILY = "1,2";
			};
			name = Release;
		};
		CE24E6281FA6BC98008A5F4D /* Debug */ = {
			isa = XCBuildConfiguration;
			buildSettings = {
				ALWAYS_EMBED_SWIFT_STANDARD_LIBRARIES = YES;
				BUNDLE_LOADER = "$(TEST_HOST)";
				CODE_SIGN_STYLE = Automatic;
				INFOPLIST_FILE = sampleTableView001Tests/Info.plist;
				LD_RUNPATH_SEARCH_PATHS = "$(inherited) @executable_path/Frameworks @loader_path/Frameworks";
				PRODUCT_BUNDLE_IDENTIFIER = com.ryosuketakahashi.sampleTableView001Tests;
				PRODUCT_NAME = "$(TARGET_NAME)";
				SWIFT_VERSION = 4.0;
				TARGETED_DEVICE_FAMILY = "1,2";
				TEST_HOST = "$(BUILT_PRODUCTS_DIR)/sampleTableView001.app/sampleTableView001";
			};
			name = Debug;
		};
		CE24E6291FA6BC98008A5F4D /* Release */ = {
			isa = XCBuildConfiguration;
			buildSettings = {
				ALWAYS_EMBED_SWIFT_STANDARD_LIBRARIES = YES;
				BUNDLE_LOADER = "$(TEST_HOST)";
				CODE_SIGN_STYLE = Automatic;
				INFOPLIST_FILE = sampleTableView001Tests/Info.plist;
				LD_RUNPATH_SEARCH_PATHS = "$(inherited) @executable_path/Frameworks @loader_path/Frameworks";
				PRODUCT_BUNDLE_IDENTIFIER = com.ryosuketakahashi.sampleTableView001Tests;
				PRODUCT_NAME = "$(TARGET_NAME)";
				SWIFT_VERSION = 4.0;
				TARGETED_DEVICE_FAMILY = "1,2";
				TEST_HOST = "$(BUILT_PRODUCTS_DIR)/sampleTableView001.app/sampleTableView001";
			};
			name = Release;
		};
		CE24E62B1FA6BC98008A5F4D /* Debug */ = {
			isa = XCBuildConfiguration;
			buildSettings = {
				ALWAYS_EMBED_SWIFT_STANDARD_LIBRARIES = YES;
				CODE_SIGN_STYLE = Automatic;
				INFOPLIST_FILE = sampleTableView001UITests/Info.plist;
				LD_RUNPATH_SEARCH_PATHS = "$(inherited) @executable_path/Frameworks @loader_path/Frameworks";
				PRODUCT_BUNDLE_IDENTIFIER = com.ryosuketakahashi.sampleTableView001UITests;
				PRODUCT_NAME = "$(TARGET_NAME)";
				SWIFT_VERSION = 4.0;
				TARGETED_DEVICE_FAMILY = "1,2";
				TEST_TARGET_NAME = sampleTableView001;
			};
			name = Debug;
		};
		CE24E62C1FA6BC98008A5F4D /* Release */ = {
			isa = XCBuildConfiguration;
			buildSettings = {
				ALWAYS_EMBED_SWIFT_STANDARD_LIBRARIES = YES;
				CODE_SIGN_STYLE = Automatic;
				INFOPLIST_FILE = sampleTableView001UITests/Info.plist;
				LD_RUNPATH_SEARCH_PATHS = "$(inherited) @executable_path/Frameworks @loader_path/Frameworks";
				PRODUCT_BUNDLE_IDENTIFIER = com.ryosuketakahashi.sampleTableView001UITests;
				PRODUCT_NAME = "$(TARGET_NAME)";
				SWIFT_VERSION = 4.0;
				TARGETED_DEVICE_FAMILY = "1,2";
				TEST_TARGET_NAME = sampleTableView001;
			};
			name = Release;
		};
/* End XCBuildConfiguration section */

/* Begin XCConfigurationList section */
		CE24E5F41FA6BC97008A5F4D /* Build configuration list for PBXProject "sampleTableView001" */ = {
			isa = XCConfigurationList;
			buildConfigurations = (
				CE24E6221FA6BC98008A5F4D /* Debug */,
				CE24E6231FA6BC98008A5F4D /* Release */,
			);
			defaultConfigurationIsVisible = 0;
			defaultConfigurationName = Release;
		};
		CE24E6241FA6BC98008A5F4D /* Build configuration list for PBXNativeTarget "sampleTableView001" */ = {
			isa = XCConfigurationList;
			buildConfigurations = (
				CE24E6251FA6BC98008A5F4D /* Debug */,
				CE24E6261FA6BC98008A5F4D /* Release */,
			);
			defaultConfigurationIsVisible = 0;
			defaultConfigurationName = Release;
		};
		CE24E6271FA6BC98008A5F4D /* Build configuration list for PBXNativeTarget "sampleTableView001Tests" */ = {
			isa = XCConfigurationList;
			buildConfigurations = (
				CE24E6281FA6BC98008A5F4D /* Debug */,
				CE24E6291FA6BC98008A5F4D /* Release */,
			);
			defaultConfigurationIsVisible = 0;
			defaultConfigurationName = Release;
		};
		CE24E62A1FA6BC98008A5F4D /* Build configuration list for PBXNativeTarget "sampleTableView001UITests" */ = {
			isa = XCConfigurationList;
			buildConfigurations = (
				CE24E62B1FA6BC98008A5F4D /* Debug */,
				CE24E62C1FA6BC98008A5F4D /* Release */,
			);
			defaultConfigurationIsVisible = 0;
			defaultConfigurationName = Release;
		};
/* End XCConfigurationList section */

/* Begin XCVersionGroup section */
		CE24E6031FA6BC98008A5F4D /* sampleTableView001.xcdatamodeld */ = {
			isa = XCVersionGroup;
			children = (
				CE24E6041FA6BC98008A5F4D /* sampleTableView001.xcdatamodel */,
			);
			currentVersion = CE24E6041FA6BC98008A5F4D /* sampleTableView001.xcdatamodel */;
			path = sampleTableView001.xcdatamodeld;
			sourceTree = "<group>";
			versionGroupType = wrapper.xcdatamodel;
		};
/* End XCVersionGroup section */
	};
	rootObject = CE24E5F11FA6BC97008A5F4D /* Project object */;
}
